// !$*UTF8*$!
{
	archiveVersion = 1;
	classes = {
	};
	objectVersion = 50;
	objects = {

/* Begin PBXBuildFile section */
		BA02538C22CC808100D1EB7E /* AppDelegate.swift in Sources */ = {isa = PBXBuildFile; fileRef = BA02538B22CC808100D1EB7E /* AppDelegate.swift */; };
		BA02538E22CC808100D1EB7E /* ViewController.swift in Sources */ = {isa = PBXBuildFile; fileRef = BA02538D22CC808100D1EB7E /* ViewController.swift */; };
		BA02539122CC808100D1EB7E /* Main.storyboard in Resources */ = {isa = PBXBuildFile; fileRef = BA02538F22CC808100D1EB7E /* Main.storyboard */; };
		BA02539322CC808300D1EB7E /* Assets.xcassets in Resources */ = {isa = PBXBuildFile; fileRef = BA02539222CC808300D1EB7E /* Assets.xcassets */; };
		BA02539622CC808300D1EB7E /* LaunchScreen.storyboard in Resources */ = {isa = PBXBuildFile; fileRef = BA02539422CC808300D1EB7E /* LaunchScreen.storyboard */; };
		BA02539F22CC853800D1EB7E /* ShowUserViewController.swift in Sources */ = {isa = PBXBuildFile; fileRef = BA02539D22CC853800D1EB7E /* ShowUserViewController.swift */; };
		BA0253A322CC859600D1EB7E /* UserDataTableViewCell.swift in Sources */ = {isa = PBXBuildFile; fileRef = BA0253A122CC859600D1EB7E /* UserDataTableViewCell.swift */; };
		BA0253A422CC859600D1EB7E /* UserDataTableViewCell.xib in Resources */ = {isa = PBXBuildFile; fileRef = BA0253A222CC859600D1EB7E /* UserDataTableViewCell.xib */; };
		BA0253A922CD95A100D1EB7E /* APIModel.swift in Sources */ = {isa = PBXBuildFile; fileRef = BA0253A822CD95A100D1EB7E /* APIModel.swift */; };
/* End PBXBuildFile section */

/* Begin PBXFileReference section */
		BA02538822CC808100D1EB7E /* GithubSearch.app */ = {isa = PBXFileReference; explicitFileType = wrapper.application; includeInIndex = 0; path = GithubSearch.app; sourceTree = BUILT_PRODUCTS_DIR; };
		BA02538B22CC808100D1EB7E /* AppDelegate.swift */ = {isa = PBXFileReference; lastKnownFileType = sourcecode.swift; path = AppDelegate.swift; sourceTree = "<group>"; };
		BA02538D22CC808100D1EB7E /* ViewController.swift */ = {isa = PBXFileReference; lastKnownFileType = sourcecode.swift; path = ViewController.swift; sourceTree = "<group>"; };
		BA02539022CC808100D1EB7E /* Base */ = {isa = PBXFileReference; lastKnownFileType = file.storyboard; name = Base; path = Base.lproj/Main.storyboard; sourceTree = "<group>"; };
		BA02539222CC808300D1EB7E /* Assets.xcassets */ = {isa = PBXFileReference; lastKnownFileType = folder.assetcatalog; path = Assets.xcassets; sourceTree = "<group>"; };
		BA02539522CC808300D1EB7E /* Base */ = {isa = PBXFileReference; lastKnownFileType = file.storyboard; name = Base; path = Base.lproj/LaunchScreen.storyboard; sourceTree = "<group>"; };
		BA02539722CC808300D1EB7E /* Info.plist */ = {isa = PBXFileReference; lastKnownFileType = text.plist.xml; path = Info.plist; sourceTree = "<group>"; };
		BA02539D22CC853800D1EB7E /* ShowUserViewController.swift */ = {isa = PBXFileReference; lastKnownFileType = sourcecode.swift; path = ShowUserViewController.swift; sourceTree = "<group>"; };
		BA0253A122CC859600D1EB7E /* UserDataTableViewCell.swift */ = {isa = PBXFileReference; lastKnownFileType = sourcecode.swift; path = UserDataTableViewCell.swift; sourceTree = "<group>"; };
		BA0253A222CC859600D1EB7E /* UserDataTableViewCell.xib */ = {isa = PBXFileReference; lastKnownFileType = file.xib; path = UserDataTableViewCell.xib; sourceTree = "<group>"; };
		BA0253A822CD95A100D1EB7E /* APIModel.swift */ = {isa = PBXFileReference; lastKnownFileType = sourcecode.swift; name = APIModel.swift; path = ../APIModel.swift; sourceTree = "<group>"; };
/* End PBXFileReference section */

/* Begin PBXFrameworksBuildPhase section */
		BA02538522CC808100D1EB7E /* Frameworks */ = {
			isa = PBXFrameworksBuildPhase;
			buildActionMask = 2147483647;
			files = (
			);
			runOnlyForDeploymentPostprocessing = 0;
		};
/* End PBXFrameworksBuildPhase section */

/* Begin PBXGroup section */
		BA02537F22CC808100D1EB7E = {
			isa = PBXGroup;
			children = (
				BA02538A22CC808100D1EB7E /* GithubSearch */,
				BA02538922CC808100D1EB7E /* Products */,
			);
			sourceTree = "<group>";
		};
		BA02538922CC808100D1EB7E /* Products */ = {
			isa = PBXGroup;
			children = (
				BA02538822CC808100D1EB7E /* GithubSearch.app */,
			);
			name = Products;
			sourceTree = "<group>";
		};
		BA02538A22CC808100D1EB7E /* GithubSearch */ = {
			isa = PBXGroup;
			children = (
				BA02538B22CC808100D1EB7E /* AppDelegate.swift */,
				BA02538F22CC808100D1EB7E /* Main.storyboard */,
				BA0253A622CC85C900D1EB7E /* Controller */,
				BA0253A522CC85B500D1EB7E /* view */,
				BA0253A722CC85E600D1EB7E /* Model */,
				BA02539222CC808300D1EB7E /* Assets.xcassets */,
				BA02539422CC808300D1EB7E /* LaunchScreen.storyboard */,
				BA02539722CC808300D1EB7E /* Info.plist */,
			);
			path = GithubSearch;
			sourceTree = "<group>";
		};
		BA0253A522CC85B500D1EB7E /* view */ = {
			isa = PBXGroup;
			children = (
				BA0253A122CC859600D1EB7E /* UserDataTableViewCell.swift */,
				BA0253A222CC859600D1EB7E /* UserDataTableViewCell.xib */,
			);
			path = view;
			sourceTree = "<group>";
		};
		BA0253A622CC85C900D1EB7E /* Controller */ = {
			isa = PBXGroup;
			children = (
				BA02538D22CC808100D1EB7E /* ViewController.swift */,
				BA02539D22CC853800D1EB7E /* ShowUserViewController.swift */,
			);
			path = Controller;
			sourceTree = "<group>";
		};
		BA0253A722CC85E600D1EB7E /* Model */ = {
			isa = PBXGroup;
			children = (
				BA0253A822CD95A100D1EB7E /* APIModel.swift */,
			);
			path = Model;
			sourceTree = "<group>";
		};
/* End PBXGroup section */

/* Begin PBXNativeTarget section */
		BA02538722CC808100D1EB7E /* GithubSearch */ = {
			isa = PBXNativeTarget;
			buildConfigurationList = BA02539A22CC808300D1EB7E /* Build configuration list for PBXNativeTarget "GithubSearch" */;
			buildPhases = (
				BA02538422CC808100D1EB7E /* Sources */,
				BA02538522CC808100D1EB7E /* Frameworks */,
				BA02538622CC808100D1EB7E /* Resources */,
			);
			buildRules = (
			);
			dependencies = (
			);
			name = GithubSearch;
			productName = GithubSearch;
			productReference = BA02538822CC808100D1EB7E /* GithubSearch.app */;
			productType = "com.apple.product-type.application";
		};
/* End PBXNativeTarget section */

/* Begin PBXProject section */
		BA02538022CC808100D1EB7E /* Project object */ = {
			isa = PBXProject;
			attributes = {
				LastSwiftUpdateCheck = 1020;
				LastUpgradeCheck = 1020;
				ORGANIZATIONNAME = Henry;
				TargetAttributes = {
					BA02538722CC808100D1EB7E = {
						CreatedOnToolsVersion = 10.2.1;
					};
				};
			};
			buildConfigurationList = BA02538322CC808100D1EB7E /* Build configuration list for PBXProject "GithubSearch" */;
			compatibilityVersion = "Xcode 9.3";
			developmentRegion = en;
			hasScannedForEncodings = 0;
			knownRegions = (
				en,
				Base,
			);
			mainGroup = BA02537F22CC808100D1EB7E;
			productRefGroup = BA02538922CC808100D1EB7E /* Products */;
			projectDirPath = "";
			projectRoot = "";
			targets = (
				BA02538722CC808100D1EB7E /* GithubSearch */,
			);
		};
/* End PBXProject section */

/* Begin PBXResourcesBuildPhase section */
		BA02538622CC808100D1EB7E /* Resources */ = {
			isa = PBXResourcesBuildPhase;
			buildActionMask = 2147483647;
			files = (
				BA02539622CC808300D1EB7E /* LaunchScreen.storyboard in Resources */,
				BA02539322CC808300D1EB7E /* Assets.xcassets in Resources */,
				BA0253A422CC859600D1EB7E /* UserDataTableViewCell.xib in Resources */,
				BA02539122CC808100D1EB7E /* Main.storyboard in Resources */,
			);
			runOnlyForDeploymentPostprocessing = 0;
		};
/* End PBXResourcesBuildPhase section */

/* Begin PBXSourcesBuildPhase section */
		BA02538422CC808100D1EB7E /* Sources */ = {
			isa = PBXSourcesBuildPhase;
			buildActionMask = 2147483647;
			files = (
				BA02538E22CC808100D1EB7E /* ViewController.swift in Sources */,
				BA02538C22CC808100D1EB7E /* AppDelegate.swift in Sources */,
				BA0253A322CC859600D1EB7E /* UserDataTableViewCell.swift in Sources */,
				BA02539F22CC853800D1EB7E /* ShowUserViewController.swift in Sources */,
				BA0253A922CD95A100D1EB7E /* APIModel.swift in Sources */,
			);
			runOnlyForDeploymentPostprocessing = 0;
		};
/* End PBXSourcesBuildPhase section */

/* Begin PBXVariantGroup section */
		BA02538F22CC808100D1EB7E /* Main.storyboard */ = {
			isa = PBXVariantGroup;
			children = (
				BA02539022CC808100D1EB7E /* Base */,
			);
			name = Main.storyboard;
			sourceTree = "<group>";
		};
		BA02539422CC808300D1EB7E /* LaunchScreen.storyboard */ = {
			isa = PBXVariantGroup;
			children = (
				BA02539522CC808300D1EB7E /* Base */,
			);
			name = LaunchScreen.storyboard;
			sourceTree = "<group>";
		};
/* End PBXVariantGroup section */

/* Begin XCBuildConfiguration section */
		BA02539822CC808300D1EB7E /* Debug */ = {
			isa = XCBuildConfiguration;
			buildSettings = {
				ALWAYS_SEARCH_USER_PATHS = NO;
				CLANG_ANALYZER_NONNULL = YES;
				CLANG_ANALYZER_NUMBER_OBJECT_CONVERSION = YES_AGGRESSIVE;
				CLANG_CXX_LANGUAGE_STANDARD = "gnu++14";
				CLANG_CXX_LIBRARY = "libc++";
				CLANG_ENABLE_MODULES = YES;
				CLANG_ENABLE_OBJC_ARC = YES;
				CLANG_ENABLE_OBJC_WEAK = YES;
				CLANG_WARN_BLOCK_CAPTURE_AUTORELEASING = YES;
				CLANG_WARN_BOOL_CONVERSION = YES;
				CLANG_WARN_COMMA = YES;
				CLANG_WARN_CONSTANT_CONVERSION = YES;
				CLANG_WARN_DEPRECATED_OBJC_IMPLEMENTATIONS = YES;
				CLANG_WARN_DIRECT_OBJC_ISA_USAGE = YES_ERROR;
				CLANG_WARN_DOCUMENTATION_COMMENTS = YES;
				CLANG_WARN_EMPTY_BODY = YES;
				CLANG_WARN_ENUM_CONVERSION = YES;
				CLANG_WARN_INFINITE_RECURSION = YES;
				CLANG_WARN_INT_CONVERSION = YES;
				CLANG_WARN_NON_LITERAL_NULL_CONVERSION = YES;
				CLANG_WARN_OBJC_IMPLICIT_RETAIN_SELF = YES;
				CLANG_WARN_OBJC_LITERAL_CONVERSION = YES;
				CLANG_WARN_OBJC_ROOT_CLASS = YES_ERROR;
				CLANG_WARN_RANGE_LOOP_ANALYSIS = YES;
				CLANG_WARN_STRICT_PROTOTYPES = YES;
				CLANG_WARN_SUSPICIOUS_MOVE = YES;
				CLANG_WARN_UNGUARDED_AVAILABILITY = YES_AGGRESSIVE;
				CLANG_WARN_UNREACHABLE_CODE = YES;
				CLANG_WARN__DUPLICATE_METHOD_MATCH = YES;
				CODE_SIGN_IDENTITY = "iPhone Developer";
				COPY_PHASE_STRIP = NO;
				DEBUG_INFORMATION_FORMAT = dwarf;
				ENABLE_STRICT_OBJC_MSGSEND = YES;
				ENABLE_TESTABILITY = YES;
				GCC_C_LANGUAGE_STANDARD = gnu11;
				GCC_DYNAMIC_NO_PIC = NO;
				GCC_NO_COMMON_BLOCKS = YES;
				GCC_OPTIMIZATION_LEVEL = 0;
				GCC_PREPROCESSOR_DEFINITIONS = (
					"DEBUG=1",
					"$(inherited)",
				);
				GCC_WARN_64_TO_32_BIT_CONVERSION = YES;
				GCC_WARN_ABOUT_RETURN_TYPE = YES_ERROR;
				GCC_WARN_UNDECLARED_SELECTOR = YES;
				GCC_WARN_UNINITIALIZED_AUTOS = YES_AGGRESSIVE;
				GCC_WARN_UNUSED_FUNCTION = YES;
				GCC_WARN_UNUSED_VARIABLE = YES;
				IPHONEOS_DEPLOYMENT_TARGET = 12.2;
				MTL_ENABLE_DEBUG_INFO = INCLUDE_SOURCE;
				MTL_FAST_MATH = YES;
				ONLY_ACTIVE_ARCH = YES;
				SDKROOT = iphoneos;
				SWIFT_ACTIVE_COMPILATION_CONDITIONS = DEBUG;
				SWIFT_OPTIMIZATION_LEVEL = "-Onone";
			};
			name = Debug;
		};
		BA02539922CC808300D1EB7E /* Release */ = {
			isa = XCBuildConfiguration;
			buildSettings = {
				ALWAYS_SEARCH_USER_PATHS = NO;
				CLANG_ANALYZER_NONNULL = YES;
				CLANG_ANALYZER_NUMBER_OBJECT_CONVERSION = YES_AGGRESSIVE;
				CLANG_CXX_LANGUAGE_STANDARD = "gnu++14";
				CLANG_CXX_LIBRARY = "libc++";
				CLANG_ENABLE_MODULES = YES;
				CLANG_ENABLE_OBJC_ARC = YES;
				CLANG_ENABLE_OBJC_WEAK = YES;
				CLANG_WARN_BLOCK_CAPTURE_AUTORELEASING = YES;
				CLANG_WARN_BOOL_CONVERSION = YES;
				CLANG_WARN_COMMA = YES;
				CLANG_WARN_CONSTANT_CONVERSION = YES;
				CLANG_WARN_DEPRECATED_OBJC_IMPLEMENTATIONS = YES;
				CLANG_WARN_DIRECT_OBJC_ISA_USAGE = YES_ERROR;
				CLANG_WARN_DOCUMENTATION_COMMENTS = YES;
				CLANG_WARN_EMPTY_BODY = YES;
				CLANG_WARN_ENUM_CONVERSION = YES;
				CLANG_WARN_INFINITE_RECURSION = YES;
				CLANG_WARN_INT_CONVERSION = YES;
				CLANG_WARN_NON_LITERAL_NULL_CONVERSION = YES;
				CLANG_WARN_OBJC_IMPLICIT_RETAIN_SELF = YES;
				CLANG_WARN_OBJC_LITERAL_CONVERSION = YES;
				CLANG_WARN_OBJC_ROOT_CLASS = YES_ERROR;
				CLANG_WARN_RANGE_LOOP_ANALYSIS = YES;
				CLANG_WARN_STRICT_PROTOTYPES = YES;
				CLANG_WARN_SUSPICIOUS_MOVE = YES;
				CLANG_WARN_UNGUARDED_AVAILABILITY = YES_AGGRESSIVE;
				CLANG_WARN_UNREACHABLE_CODE = YES;
				CLANG_WARN__DUPLICATE_METHOD_MATCH = YES;
				CODE_SIGN_IDENTITY = "iPhone Developer";
				COPY_PHASE_STRIP = NO;
				DEBUG_INFORMATION_FORMAT = "dwarf-with-dsym";
				ENABLE_NS_ASSERTIONS = NO;
				ENABLE_STRICT_OBJC_MSGSEND = YES;
				GCC_C_LANGUAGE_STANDARD = gnu11;
				GCC_NO_COMMON_BLOCKS = YES;
				GCC_WARN_64_TO_32_BIT_CONVERSION = YES;
				GCC_WARN_ABOUT_RETURN_TYPE = YES_ERROR;
				GCC_WARN_UNDECLARED_SELECTOR = YES;
				GCC_WARN_UNINITIALIZED_AUTOS = YES_AGGRESSIVE;
				GCC_WARN_UNUSED_FUNCTION = YES;
				GCC_WARN_UNUSED_VARIABLE = YES;
				IPHONEOS_DEPLOYMENT_TARGET = 12.2;
				MTL_ENABLE_DEBUG_INFO = NO;
				MTL_FAST_MATH = YES;
				SDKROOT = iphoneos;
				SWIFT_COMPILATION_MODE = wholemodule;
				SWIFT_OPTIMIZATION_LEVEL = "-O";
				VALIDATE_PRODUCT = YES;
			};
			name = Release;
		};
		BA02539B22CC808300D1EB7E /* Debug */ = {
			isa = XCBuildConfiguration;
			buildSettings = {
				ASSETCATALOG_COMPILER_APPICON_NAME = AppIcon;
				CODE_SIGN_STYLE = Automatic;
				INFOPLIST_FILE = GithubSearch/Info.plist;
				LD_RUNPATH_SEARCH_PATHS = (
					"$(inherited)",
					"@executable_path/Frameworks",
				);
				PRODUCT_BUNDLE_IDENTIFIER = com.henry.GithubSearch;
				PRODUCT_NAME = "$(TARGET_NAME)";
				SWIFT_VERSION = 5.0;
				TARGETED_DEVICE_FAMILY = "1,2";
			};
			name = Debug;
		};
		BA02539C22CC808300D1EB7E /* Release */ = {
			isa = XCBuildConfiguration;
			buildSettings = {
				ASSETCATALOG_COMPILER_APPICON_NAME = AppIcon;
				CODE_SIGN_STYLE = Automatic;
				INFOPLIST_FILE = GithubSearch/Info.plist;
				LD_RUNPATH_SEARCH_PATHS = (
					"$(inherited)",
					"@executable_path/Frameworks",
				);
				PRODUCT_BUNDLE_IDENTIFIER = com.henry.GithubSearch;
				PRODUCT_NAME = "$(TARGET_NAME)";
				SWIFT_VERSION = 5.0;
				TARGETED_DEVICE_FAMILY = "1,2";
			};
			name = Release;
		};
/* End XCBuildConfiguration section */

/* Begin XCConfigurationList section */
		BA02538322CC808100D1EB7E /* Build configuration list for PBXProject "GithubSearch" */ = {
			isa = XCConfigurationList;
			buildConfigurations = (
				BA02539822CC808300D1EB7E /* Debug */,
				BA02539922CC808300D1EB7E /* Release */,
			);
			defaultConfigurationIsVisible = 0;
			defaultConfigurationName = Release;
		};
		BA02539A22CC808300D1EB7E /* Build configuration list for PBXNativeTarget "GithubSearch" */ = {
			isa = XCConfigurationList;
			buildConfigurations = (
				BA02539B22CC808300D1EB7E /* Debug */,
				BA02539C22CC808300D1EB7E /* Release */,
			);
			defaultConfigurationIsVisible = 0;
			defaultConfigurationName = Release;
		};
/* End XCConfigurationList section */
	};
	rootObject = BA02538022CC808100D1EB7E /* Project object */;
}
